
Microsoft Visual Studio Solution File, Format Version 12.00
# Visual Studio Version 17
VisualStudioVersion = 17.0.32014.148
MinimumVisualStudioVersion = 10.0.40219.1
Project("{FAE04EC0-301F-11D3-BF4B-00C04F79EFBC}") = "DevCard_MVC", "DevCard_MVC\DevCard_MVC.csproj", "{29BBF558-8FEE-4110-B09D-86726397227D}"
EndProject
Global
	GlobalSection(SolutionConfigurationPlatforms) = preSolution
		Debug|Any CPU = Debug|Any CPU
		Release|Any CPU = Release|Any CPU
	EndGlobalSection
	GlobalSection(ProjectConfigurationPlatforms) = postSolution
		{29BBF558-8FEE-4110-B09D-86726397227D}.Debug|Any CPU.ActiveCfg = Debug|Any CPU
		{29BBF558-8FEE-4110-B09D-86726397227D}.Debug|Any CPU.Build.0 = Debug|Any CPU
		{29BBF558-8FEE-4110-B09D-86726397227D}.Release|Any CPU.ActiveCfg = Release|Any CPU
		{29BBF558-8FEE-4110-B09D-86726397227D}.Release|Any CPU.Build.0 = Release|Any CPU
	EndGlobalSection
	GlobalSection(SolutionProperties) = preSolution
		HideSolutionNode = FALSE
	EndGlobalSection
	GlobalSection(ExtensibilityGlobals) = postSolution
		SolutionGuid = {3B0B941B-FF69-415A-9FCB-C7A1D9BE67BB}
	EndGlobalSection
EndGlobal
